symfony v2.0.17
twig v1.9.2
monolog 1.0.2
doctrine-common 2.1.4
doctrine-dbal 2.1.7
doctrine 2.1.7
swiftmailer v4.2.1
assetic v1.0.3
twig-extensions feb6d3f10c411e2631997c0a905aa581c80305c1
metadata 1.0.0
SensioFrameworkExtraBundle v2.0.17
JMSSecurityExtraBundle e752f888c51425f71382c056961f10f2be642102
SensioDistributionBundle v2.0.17
SensioGeneratorBundle v2.0.17
AsseticBundle 6f15728c1aefa5246caa83730e3dbf70b0d46052
doctrine-fixtures cb562b44e74d67cc56022ebd7c4e741294f434d2
DoctrineFixturesBundle a66be2f077f3a4e5c3801b356b42b8782f1abbd6
doctrine-extensions 6ae3b71b6943edef630c9806a9fa0a2d1f088989
DoctrineExtensionsBundle 325df80948419a04498cce535a271a0b40baf457
Goutte 95c0f08b22ab19271398a39cf578807b77964dc6
zend ea7f5040681ffcb2faecaf205874572c989a8e27
FOSRestBundle fcb32e0aace5d0e1f00f8243483bde3fe01f77f9
JMSSerializerBundle 1f308a587742246e87e580290f3bae23073d1d70
behat dc4a3dc3b7f75104b33d706f8296c4eafcb9a216
BehatBundle 55ede38ec9694d67c7bc51e910f7009978421a56
mink 91031cd6da3caf2dfc2e83d49f75163327b2d07e
MinkBundle 4f68c897b5a0b0414d3fad9b282a2a8885136cad
gherkin 8ac3383094d83b2f132960b52f6f39a2600cc9ec
doctrine-mongodb-odm bba938ee566f9942bb0adf6fb07f77e94671df2b
doctrine-mongodb 727a12d25ba12d18aa293bc6eb61f203a9545912
DoctrineMongoDBBundle bca3e54f1bb2041ce4179d9fa221851de6c65917
